// !$*UTF8*$!
{
	archiveVersion = 1;
	classes = {
	};
	objectVersion = 56;
	objects = {

/* Begin PBXBuildFile section */
		A6B9E1692A2EB86B00D30F40 /* AppDelegate.swift in Sources */ = {isa = PBXBuildFile; fileRef = A6B9E1682A2EB86B00D30F40 /* AppDelegate.swift */; };
		A6B9E16B2A2EB86B00D30F40 /* SceneDelegate.swift in Sources */ = {isa = PBXBuildFile; fileRef = A6B9E16A2A2EB86B00D30F40 /* SceneDelegate.swift */; };
		A6B9E16D2A2EB86B00D30F40 /* ViewController.swift in Sources */ = {isa = PBXBuildFile; fileRef = A6B9E16C2A2EB86B00D30F40 /* ViewController.swift */; };
		A6B9E1722A2EB86C00D30F40 /* Assets.xcassets in Resources */ = {isa = PBXBuildFile; fileRef = A6B9E1712A2EB86C00D30F40 /* Assets.xcassets */; };
		A6B9E1752A2EB86C00D30F40 /* LaunchScreen.storyboard in Resources */ = {isa = PBXBuildFile; fileRef = A6B9E1732A2EB86C00D30F40 /* LaunchScreen.storyboard */; };
		A6B9E1802A2EB86D00D30F40 /* SwiftMacrosTestTests.swift in Sources */ = {isa = PBXBuildFile; fileRef = A6B9E17F2A2EB86D00D30F40 /* SwiftMacrosTestTests.swift */; };
		A6B9E18A2A2EB86D00D30F40 /* SwiftMacrosTestUITests.swift in Sources */ = {isa = PBXBuildFile; fileRef = A6B9E1892A2EB86D00D30F40 /* SwiftMacrosTestUITests.swift */; };
		A6B9E18C2A2EB86D00D30F40 /* SwiftMacrosTestUITestsLaunchTests.swift in Sources */ = {isa = PBXBuildFile; fileRef = A6B9E18B2A2EB86D00D30F40 /* SwiftMacrosTestUITestsLaunchTests.swift */; };
/* End PBXBuildFile section */

/* Begin PBXContainerItemProxy section */
		A6B9E17C2A2EB86D00D30F40 /* PBXContainerItemProxy */ = {
			isa = PBXContainerItemProxy;
			containerPortal = A6B9E15D2A2EB86B00D30F40 /* Project object */;
			proxyType = 1;
			remoteGlobalIDString = A6B9E1642A2EB86B00D30F40;
			remoteInfo = SwiftMacrosTest;
		};
		A6B9E1862A2EB86D00D30F40 /* PBXContainerItemProxy */ = {
			isa = PBXContainerItemProxy;
			containerPortal = A6B9E15D2A2EB86B00D30F40 /* Project object */;
			proxyType = 1;
			remoteGlobalIDString = A6B9E1642A2EB86B00D30F40;
			remoteInfo = SwiftMacrosTest;
		};
/* End PBXContainerItemProxy section */

/* Begin PBXFileReference section */
		A6B9E1652A2EB86B00D30F40 /* SwiftMacrosTest.app */ = {isa = PBXFileReference; explicitFileType = wrapper.application; includeInIndex = 0; path = SwiftMacrosTest.app; sourceTree = BUILT_PRODUCTS_DIR; };
		A6B9E1682A2EB86B00D30F40 /* AppDelegate.swift */ = {isa = PBXFileReference; lastKnownFileType = sourcecode.swift; path = AppDelegate.swift; sourceTree = "<group>"; };
		A6B9E16A2A2EB86B00D30F40 /* SceneDelegate.swift */ = {isa = PBXFileReference; lastKnownFileType = sourcecode.swift; path = SceneDelegate.swift; sourceTree = "<group>"; };
		A6B9E16C2A2EB86B00D30F40 /* ViewController.swift */ = {isa = PBXFileReference; lastKnownFileType = sourcecode.swift; path = ViewController.swift; sourceTree = "<group>"; };
		A6B9E1712A2EB86C00D30F40 /* Assets.xcassets */ = {isa = PBXFileReference; lastKnownFileType = folder.assetcatalog; path = Assets.xcassets; sourceTree = "<group>"; };
		A6B9E1742A2EB86C00D30F40 /* Base */ = {isa = PBXFileReference; lastKnownFileType = file.storyboard; name = Base; path = Base.lproj/LaunchScreen.storyboard; sourceTree = "<group>"; };
		A6B9E1762A2EB86C00D30F40 /* Info.plist */ = {isa = PBXFileReference; lastKnownFileType = text.plist.xml; path = Info.plist; sourceTree = "<group>"; };
		A6B9E17B2A2EB86D00D30F40 /* SwiftMacrosTestTests.xctest */ = {isa = PBXFileReference; explicitFileType = wrapper.cfbundle; includeInIndex = 0; path = SwiftMacrosTestTests.xctest; sourceTree = BUILT_PRODUCTS_DIR; };
		A6B9E17F2A2EB86D00D30F40 /* SwiftMacrosTestTests.swift */ = {isa = PBXFileReference; lastKnownFileType = sourcecode.swift; path = SwiftMacrosTestTests.swift; sourceTree = "<group>"; };
		A6B9E1852A2EB86D00D30F40 /* SwiftMacrosTestUITests.xctest */ = {isa = PBXFileReference; explicitFileType = wrapper.cfbundle; includeInIndex = 0; path = SwiftMacrosTestUITests.xctest; sourceTree = BUILT_PRODUCTS_DIR; };
		A6B9E1892A2EB86D00D30F40 /* SwiftMacrosTestUITests.swift */ = {isa = PBXFileReference; lastKnownFileType = sourcecode.swift; path = SwiftMacrosTestUITests.swift; sourceTree = "<group>"; };
		A6B9E18B2A2EB86D00D30F40 /* SwiftMacrosTestUITestsLaunchTests.swift */ = {isa = PBXFileReference; lastKnownFileType = sourcecode.swift; path = SwiftMacrosTestUITestsLaunchTests.swift; sourceTree = "<group>"; };
/* End PBXFileReference section */

/* Begin PBXFrameworksBuildPhase section */
		A6B9E1622A2EB86B00D30F40 /* Frameworks */ = {
			isa = PBXFrameworksBuildPhase;
			buildActionMask = 2147483647;
			files = (
			);
			runOnlyForDeploymentPostprocessing = 0;
		};
		A6B9E1782A2EB86D00D30F40 /* Frameworks */ = {
			isa = PBXFrameworksBuildPhase;
			buildActionMask = 2147483647;
			files = (
			);
			runOnlyForDeploymentPostprocessing = 0;
		};
		A6B9E1822A2EB86D00D30F40 /* Frameworks */ = {
			isa = PBXFrameworksBuildPhase;
			buildActionMask = 2147483647;
			files = (
			);
			runOnlyForDeploymentPostprocessing = 0;
		};
/* End PBXFrameworksBuildPhase section */

/* Begin PBXGroup section */
		A6B9E15C2A2EB86B00D30F40 = {
			isa = PBXGroup;
			children = (
				A6B9E1672A2EB86B00D30F40 /* SwiftMacrosTest */,
				A6B9E17E2A2EB86D00D30F40 /* SwiftMacrosTestTests */,
				A6B9E1882A2EB86D00D30F40 /* SwiftMacrosTestUITests */,
				A6B9E1662A2EB86B00D30F40 /* Products */,
			);
			sourceTree = "<group>";
		};
		A6B9E1662A2EB86B00D30F40 /* Products */ = {
			isa = PBXGroup;
			children = (
				A6B9E1652A2EB86B00D30F40 /* SwiftMacrosTest.app */,
				A6B9E17B2A2EB86D00D30F40 /* SwiftMacrosTestTests.xctest */,
				A6B9E1852A2EB86D00D30F40 /* SwiftMacrosTestUITests.xctest */,
			);
			name = Products;
			sourceTree = "<group>";
		};
		A6B9E1672A2EB86B00D30F40 /* SwiftMacrosTest */ = {
			isa = PBXGroup;
			children = (
				A6B9E1682A2EB86B00D30F40 /* AppDelegate.swift */,
				A6B9E16A2A2EB86B00D30F40 /* SceneDelegate.swift */,
				A6B9E16C2A2EB86B00D30F40 /* ViewController.swift */,
				A6B9E1712A2EB86C00D30F40 /* Assets.xcassets */,
				A6B9E1732A2EB86C00D30F40 /* LaunchScreen.storyboard */,
				A6B9E1762A2EB86C00D30F40 /* Info.plist */,
			);
			path = SwiftMacrosTest;
			sourceTree = "<group>";
		};
		A6B9E17E2A2EB86D00D30F40 /* SwiftMacrosTestTests */ = {
			isa = PBXGroup;
			children = (
				A6B9E17F2A2EB86D00D30F40 /* SwiftMacrosTestTests.swift */,
			);
			path = SwiftMacrosTestTests;
			sourceTree = "<group>";
		};
		A6B9E1882A2EB86D00D30F40 /* SwiftMacrosTestUITests */ = {
			isa = PBXGroup;
			children = (
				A6B9E1892A2EB86D00D30F40 /* SwiftMacrosTestUITests.swift */,
				A6B9E18B2A2EB86D00D30F40 /* SwiftMacrosTestUITestsLaunchTests.swift */,
			);
			path = SwiftMacrosTestUITests;
			sourceTree = "<group>";
		};
/* End PBXGroup section */

/* Begin PBXNativeTarget section */
		A6B9E1642A2EB86B00D30F40 /* SwiftMacrosTest */ = {
			isa = PBXNativeTarget;
			buildConfigurationList = A6B9E18F2A2EB86D00D30F40 /* Build configuration list for PBXNativeTarget "SwiftMacrosTest" */;
			buildPhases = (
				A6B9E1612A2EB86B00D30F40 /* Sources */,
				A6B9E1622A2EB86B00D30F40 /* Frameworks */,
				A6B9E1632A2EB86B00D30F40 /* Resources */,
			);
			buildRules = (
			);
			dependencies = (
			);
			name = SwiftMacrosTest;
			productName = SwiftMacrosTest;
			productReference = A6B9E1652A2EB86B00D30F40 /* SwiftMacrosTest.app */;
			productType = "com.apple.product-type.application";
		};
		A6B9E17A2A2EB86D00D30F40 /* SwiftMacrosTestTests */ = {
			isa = PBXNativeTarget;
			buildConfigurationList = A6B9E1922A2EB86D00D30F40 /* Build configuration list for PBXNativeTarget "SwiftMacrosTestTests" */;
			buildPhases = (
				A6B9E1772A2EB86D00D30F40 /* Sources */,
				A6B9E1782A2EB86D00D30F40 /* Frameworks */,
				A6B9E1792A2EB86D00D30F40 /* Resources */,
			);
			buildRules = (
			);
			dependencies = (
				A6B9E17D2A2EB86D00D30F40 /* PBXTargetDependency */,
			);
			name = SwiftMacrosTestTests;
			productName = SwiftMacrosTestTests;
			productReference = A6B9E17B2A2EB86D00D30F40 /* SwiftMacrosTestTests.xctest */;
			productType = "com.apple.product-type.bundle.unit-test";
		};
		A6B9E1842A2EB86D00D30F40 /* SwiftMacrosTestUITests */ = {
			isa = PBXNativeTarget;
			buildConfigurationList = A6B9E1952A2EB86D00D30F40 /* Build configuration list for PBXNativeTarget "SwiftMacrosTestUITests" */;
			buildPhases = (
				A6B9E1812A2EB86D00D30F40 /* Sources */,
				A6B9E1822A2EB86D00D30F40 /* Frameworks */,
				A6B9E1832A2EB86D00D30F40 /* Resources */,
			);
			buildRules = (
			);
			dependencies = (
				A6B9E1872A2EB86D00D30F40 /* PBXTargetDependency */,
			);
			name = SwiftMacrosTestUITests;
			productName = SwiftMacrosTestUITests;
			productReference = A6B9E1852A2EB86D00D30F40 /* SwiftMacrosTestUITests.xctest */;
			productType = "com.apple.product-type.bundle.ui-testing";
		};
/* End PBXNativeTarget section */

/* Begin PBXProject section */
		A6B9E15D2A2EB86B00D30F40 /* Project object */ = {
			isa = PBXProject;
			attributes = {
				BuildIndependentTargetsInParallel = 1;
				LastSwiftUpdateCheck = 1500;
				LastUpgradeCheck = 1500;
				TargetAttributes = {
					A6B9E1642A2EB86B00D30F40 = {
						CreatedOnToolsVersion = 15.0;
					};
					A6B9E17A2A2EB86D00D30F40 = {
						CreatedOnToolsVersion = 15.0;
						TestTargetID = A6B9E1642A2EB86B00D30F40;
					};
					A6B9E1842A2EB86D00D30F40 = {
						CreatedOnToolsVersion = 15.0;
						TestTargetID = A6B9E1642A2EB86B00D30F40;
					};
				};
			};
			buildConfigurationList = A6B9E1602A2EB86B00D30F40 /* Build configuration list for PBXProject "SwiftMacrosTest" */;
			compatibilityVersion = "Xcode 14.0";
			developmentRegion = en;
			hasScannedForEncodings = 0;
			knownRegions = (
				en,
				Base,
			);
			mainGroup = A6B9E15C2A2EB86B00D30F40;
			productRefGroup = A6B9E1662A2EB86B00D30F40 /* Products */;
			projectDirPath = "";
			projectRoot = "";
			targets = (
				A6B9E1642A2EB86B00D30F40 /* SwiftMacrosTest */,
				A6B9E17A2A2EB86D00D30F40 /* SwiftMacrosTestTests */,
				A6B9E1842A2EB86D00D30F40 /* SwiftMacrosTestUITests */,
			);
		};
/* End PBXProject section */

/* Begin PBXResourcesBuildPhase section */
		A6B9E1632A2EB86B00D30F40 /* Resources */ = {
			isa = PBXResourcesBuildPhase;
			buildActionMask = 2147483647;
			files = (
				A6B9E1752A2EB86C00D30F40 /* LaunchScreen.storyboard in Resources */,
				A6B9E1722A2EB86C00D30F40 /* Assets.xcassets in Resources */,
			);
			runOnlyForDeploymentPostprocessing = 0;
		};
		A6B9E1792A2EB86D00D30F40 /* Resources */ = {
			isa = PBXResourcesBuildPhase;
			buildActionMask = 2147483647;
			files = (
			);
			runOnlyForDeploymentPostprocessing = 0;
		};
		A6B9E1832A2EB86D00D30F40 /* Resources */ = {
			isa = PBXResourcesBuildPhase;
			buildActionMask = 2147483647;
			files = (
			);
			runOnlyForDeploymentPostprocessing = 0;
		};
/* End PBXResourcesBuildPhase section */

/* Begin PBXSourcesBuildPhase section */
		A6B9E1612A2EB86B00D30F40 /* Sources */ = {
			isa = PBXSourcesBuildPhase;
			buildActionMask = 2147483647;
			files = (
				A6B9E16D2A2EB86B00D30F40 /* ViewController.swift in Sources */,
				A6B9E1692A2EB86B00D30F40 /* AppDelegate.swift in Sources */,
				A6B9E16B2A2EB86B00D30F40 /* SceneDelegate.swift in Sources */,
			);
			runOnlyForDeploymentPostprocessing = 0;
		};
		A6B9E1772A2EB86D00D30F40 /* Sources */ = {
			isa = PBXSourcesBuildPhase;
			buildActionMask = 2147483647;
			files = (
				A6B9E1802A2EB86D00D30F40 /* SwiftMacrosTestTests.swift in Sources */,
			);
			runOnlyForDeploymentPostprocessing = 0;
		};
		A6B9E1812A2EB86D00D30F40 /* Sources */ = {
			isa = PBXSourcesBuildPhase;
			buildActionMask = 2147483647;
			files = (
				A6B9E18A2A2EB86D00D30F40 /* SwiftMacrosTestUITests.swift in Sources */,
				A6B9E18C2A2EB86D00D30F40 /* SwiftMacrosTestUITestsLaunchTests.swift in Sources */,
			);
			runOnlyForDeploymentPostprocessing = 0;
		};
/* End PBXSourcesBuildPhase section */

/* Begin PBXTargetDependency section */
		A6B9E17D2A2EB86D00D30F40 /* PBXTargetDependency */ = {
			isa = PBXTargetDependency;
			target = A6B9E1642A2EB86B00D30F40 /* SwiftMacrosTest */;
			targetProxy = A6B9E17C2A2EB86D00D30F40 /* PBXContainerItemProxy */;
		};
		A6B9E1872A2EB86D00D30F40 /* PBXTargetDependency */ = {
			isa = PBXTargetDependency;
			target = A6B9E1642A2EB86B00D30F40 /* SwiftMacrosTest */;
			targetProxy = A6B9E1862A2EB86D00D30F40 /* PBXContainerItemProxy */;
		};
/* End PBXTargetDependency section */

/* Begin PBXVariantGroup section */
		A6B9E1732A2EB86C00D30F40 /* LaunchScreen.storyboard */ = {
			isa = PBXVariantGroup;
			children = (
				A6B9E1742A2EB86C00D30F40 /* Base */,
			);
			name = LaunchScreen.storyboard;
			sourceTree = "<group>";
		};
/* End PBXVariantGroup section */

/* Begin XCBuildConfiguration section */
		A6B9E18D2A2EB86D00D30F40 /* Debug */ = {
			isa = XCBuildConfiguration;
			buildSettings = {
				ALWAYS_SEARCH_USER_PATHS = NO;
				ASSETCATALOG_COMPILER_GENERATE_SWIFT_ASSET_SYMBOL_EXTENSIONS = YES;
				CLANG_ANALYZER_NONNULL = YES;
				CLANG_ANALYZER_NUMBER_OBJECT_CONVERSION = YES_AGGRESSIVE;
				CLANG_CXX_LANGUAGE_STANDARD = "gnu++20";
				CLANG_ENABLE_MODULES = YES;
				CLANG_ENABLE_OBJC_ARC = YES;
				CLANG_ENABLE_OBJC_WEAK = YES;
				CLANG_WARN_BLOCK_CAPTURE_AUTORELEASING = YES;
				CLANG_WARN_BOOL_CONVERSION = YES;
				CLANG_WARN_COMMA = YES;
				CLANG_WARN_CONSTANT_CONVERSION = YES;
				CLANG_WARN_DEPRECATED_OBJC_IMPLEMENTATIONS = YES;
				CLANG_WARN_DIRECT_OBJC_ISA_USAGE = YES_ERROR;
				CLANG_WARN_DOCUMENTATION_COMMENTS = YES;
				CLANG_WARN_EMPTY_BODY = YES;
				CLANG_WARN_ENUM_CONVERSION = YES;
				CLANG_WARN_INFINITE_RECURSION = YES;
				CLANG_WARN_INT_CONVERSION = YES;
				CLANG_WARN_NON_LITERAL_NULL_CONVERSION = YES;
				CLANG_WARN_OBJC_IMPLICIT_RETAIN_SELF = YES;
				CLANG_WARN_OBJC_LITERAL_CONVERSION = YES;
				CLANG_WARN_OBJC_ROOT_CLASS = YES_ERROR;
				CLANG_WARN_QUOTED_INCLUDE_IN_FRAMEWORK_HEADER = YES;
				CLANG_WARN_RANGE_LOOP_ANALYSIS = YES;
				CLANG_WARN_STRICT_PROTOTYPES = YES;
				CLANG_WARN_SUSPICIOUS_MOVE = YES;
				CLANG_WARN_UNGUARDED_AVAILABILITY = YES_AGGRESSIVE;
				CLANG_WARN_UNREACHABLE_CODE = YES;
				CLANG_WARN__DUPLICATE_METHOD_MATCH = YES;
				COPY_PHASE_STRIP = NO;
				DEBUG_INFORMATION_FORMAT = dwarf;
				ENABLE_STRICT_OBJC_MSGSEND = YES;
				ENABLE_TESTABILITY = YES;
				ENABLE_USER_SCRIPT_SANDBOXING = YES;
				GCC_C_LANGUAGE_STANDARD = gnu17;
				GCC_DYNAMIC_NO_PIC = NO;
				GCC_NO_COMMON_BLOCKS = YES;
				GCC_OPTIMIZATION_LEVEL = 0;
				GCC_PREPROCESSOR_DEFINITIONS = (
					"DEBUG=1",
					"$(inherited)",
				);
				GCC_WARN_64_TO_32_BIT_CONVERSION = YES;
				GCC_WARN_ABOUT_RETURN_TYPE = YES_ERROR;
				GCC_WARN_UNDECLARED_SELECTOR = YES;
				GCC_WARN_UNINITIALIZED_AUTOS = YES_AGGRESSIVE;
				GCC_WARN_UNUSED_FUNCTION = YES;
				GCC_WARN_UNUSED_VARIABLE = YES;
				IPHONEOS_DEPLOYMENT_TARGET = 17.0;
				LOCALIZATION_PREFERS_STRING_CATALOGS = YES;
				MTL_ENABLE_DEBUG_INFO = INCLUDE_SOURCE;
				MTL_FAST_MATH = YES;
				ONLY_ACTIVE_ARCH = YES;
				SDKROOT = iphoneos;
				SWIFT_ACTIVE_COMPILATION_CONDITIONS = "DEBUG $(inherited)";
				SWIFT_OPTIMIZATION_LEVEL = "-Onone";
			};
			name = Debug;
		};
		A6B9E18E2A2EB86D00D30F40 /* Release */ = {
			isa = XCBuildConfiguration;
			buildSettings = {
				ALWAYS_SEARCH_USER_PATHS = NO;
				ASSETCATALOG_COMPILER_GENERATE_SWIFT_ASSET_SYMBOL_EXTENSIONS = YES;
				CLANG_ANALYZER_NONNULL = YES;
				CLANG_ANALYZER_NUMBER_OBJECT_CONVERSION = YES_AGGRESSIVE;
				CLANG_CXX_LANGUAGE_STANDARD = "gnu++20";
				CLANG_ENABLE_MODULES = YES;
				CLANG_ENABLE_OBJC_ARC = YES;
				CLANG_ENABLE_OBJC_WEAK = YES;
				CLANG_WARN_BLOCK_CAPTURE_AUTORELEASING = YES;
				CLANG_WARN_BOOL_CONVERSION = YES;
				CLANG_WARN_COMMA = YES;
				CLANG_WARN_CONSTANT_CONVERSION = YES;
				CLANG_WARN_DEPRECATED_OBJC_IMPLEMENTATIONS = YES;
				CLANG_WARN_DIRECT_OBJC_ISA_USAGE = YES_ERROR;
				CLANG_WARN_DOCUMENTATION_COMMENTS = YES;
				CLANG_WARN_EMPTY_BODY = YES;
				CLANG_WARN_ENUM_CONVERSION = YES;
				CLANG_WARN_INFINITE_RECURSION = YES;
				CLANG_WARN_INT_CONVERSION = YES;
				CLANG_WARN_NON_LITERAL_NULL_CONVERSION = YES;
				CLANG_WARN_OBJC_IMPLICIT_RETAIN_SELF = YES;
				CLANG_WARN_OBJC_LITERAL_CONVERSION = YES;
				CLANG_WARN_OBJC_ROOT_CLASS = YES_ERROR;
				CLANG_WARN_QUOTED_INCLUDE_IN_FRAMEWORK_HEADER = YES;
				CLANG_WARN_RANGE_LOOP_ANALYSIS = YES;
				CLANG_WARN_STRICT_PROTOTYPES = YES;
				CLANG_WARN_SUSPICIOUS_MOVE = YES;
				CLANG_WARN_UNGUARDED_AVAILABILITY = YES_AGGRESSIVE;
				CLANG_WARN_UNREACHABLE_CODE = YES;
				CLANG_WARN__DUPLICATE_METHOD_MATCH = YES;
				COPY_PHASE_STRIP = NO;
				DEBUG_INFORMATION_FORMAT = "dwarf-with-dsym";
				ENABLE_NS_ASSERTIONS = NO;
				ENABLE_STRICT_OBJC_MSGSEND = YES;
				ENABLE_USER_SCRIPT_SANDBOXING = YES;
				GCC_C_LANGUAGE_STANDARD = gnu17;
				GCC_NO_COMMON_BLOCKS = YES;
				GCC_WARN_64_TO_32_BIT_CONVERSION = YES;
				GCC_WARN_ABOUT_RETURN_TYPE = YES_ERROR;
				GCC_WARN_UNDECLARED_SELECTOR = YES;
				GCC_WARN_UNINITIALIZED_AUTOS = YES_AGGRESSIVE;
				GCC_WARN_UNUSED_FUNCTION = YES;
				GCC_WARN_UNUSED_VARIABLE = YES;
				IPHONEOS_DEPLOYMENT_TARGET = 17.0;
				LOCALIZATION_PREFERS_STRING_CATALOGS = YES;
				MTL_ENABLE_DEBUG_INFO = NO;
				MTL_FAST_MATH = YES;
				SDKROOT = iphoneos;
				SWIFT_COMPILATION_MODE = wholemodule;
				VALIDATE_PRODUCT = YES;
			};
			name = Release;
		};
		A6B9E1902A2EB86D00D30F40 /* Debug */ = {
			isa = XCBuildConfiguration;
			buildSettings = {
				ASSETCATALOG_COMPILER_APPICON_NAME = AppIcon;
				ASSETCATALOG_COMPILER_GLOBAL_ACCENT_COLOR_NAME = AccentColor;
				CODE_SIGN_STYLE = Automatic;
				CURRENT_PROJECT_VERSION = 1;
				DEVELOPMENT_TEAM = T43QAL25VC;
				GENERATE_INFOPLIST_FILE = YES;
				INFOPLIST_FILE = SwiftMacrosTest/Info.plist;
				INFOPLIST_KEY_UIApplicationSupportsIndirectInputEvents = YES;
				INFOPLIST_KEY_UILaunchStoryboardName = LaunchScreen;
				INFOPLIST_KEY_UISupportedInterfaceOrientations_iPad = "UIInterfaceOrientationPortrait UIInterfaceOrientationPortraitUpsideDown UIInterfaceOrientationLandscapeLeft UIInterfaceOrientationLandscapeRight";
				INFOPLIST_KEY_UISupportedInterfaceOrientations_iPhone = "UIInterfaceOrientationPortrait UIInterfaceOrientationLandscapeLeft UIInterfaceOrientationLandscapeRight";
				LD_RUNPATH_SEARCH_PATHS = (
					"$(inherited)",
					"@executable_path/Frameworks",
				);
				MARKETING_VERSION = 1.0;
				PRODUCT_BUNDLE_IDENTIFIER = ca.swiftygeorge.SwiftMacrosTest;
				PRODUCT_NAME = "$(TARGET_NAME)";
				SWIFT_EMIT_LOC_STRINGS = YES;
				SWIFT_VERSION = 5.0;
				TARGETED_DEVICE_FAMILY = "1,2";
			};
			name = Debug;
		};
		A6B9E1912A2EB86D00D30F40 /* Release */ = {
			isa = XCBuildConfiguration;
			buildSettings = {
				ASSETCATALOG_COMPILER_APPICON_NAME = AppIcon;
				ASSETCATALOG_COMPILER_GLOBAL_ACCENT_COLOR_NAME = AccentColor;
				CODE_SIGN_STYLE = Automatic;
				CURRENT_PROJECT_VERSION = 1;
				DEVELOPMENT_TEAM = T43QAL25VC;
				GENERATE_INFOPLIST_FILE = YES;
				INFOPLIST_FILE = SwiftMacrosTest/Info.plist;
				INFOPLIST_KEY_UIApplicationSupportsIndirectInputEvents = YES;
				INFOPLIST_KEY_UILaunchStoryboardName = LaunchScreen;
				INFOPLIST_KEY_UISupportedInterfaceOrientations_iPad = "UIInterfaceOrientationPortrait UIInterfaceOrientationPortraitUpsideDown UIInterfaceOrientationLandscapeLeft UIInterfaceOrientationLandscapeRight";
				INFOPLIST_KEY_UISupportedInterfaceOrientations_iPhone = "UIInterfaceOrientationPortrait UIInterfaceOrientationLandscapeLeft UIInterfaceOrientationLandscapeRight";
				LD_RUNPATH_SEARCH_PATHS = (
					"$(inherited)",
					"@executable_path/Frameworks",
				);
				MARKETING_VERSION = 1.0;
				PRODUCT_BUNDLE_IDENTIFIER = ca.swiftygeorge.SwiftMacrosTest;
				PRODUCT_NAME = "$(TARGET_NAME)";
				SWIFT_EMIT_LOC_STRINGS = YES;
				SWIFT_VERSION = 5.0;
				TARGETED_DEVICE_FAMILY = "1,2";
			};
			name = Release;
		};
		A6B9E1932A2EB86D00D30F40 /* Debug */ = {
			isa = XCBuildConfiguration;
			buildSettings = {
				ALWAYS_EMBED_SWIFT_STANDARD_LIBRARIES = YES;
				BUNDLE_LOADER = "$(TEST_HOST)";
				CODE_SIGN_STYLE = Automatic;
				CURRENT_PROJECT_VERSION = 1;
				DEVELOPMENT_TEAM = T43QAL25VC;
				GENERATE_INFOPLIST_FILE = YES;
				IPHONEOS_DEPLOYMENT_TARGET = 17.0;
				MARKETING_VERSION = 1.0;
				PRODUCT_BUNDLE_IDENTIFIER = ca.swiftygeorge.SwiftMacrosTestTests;
				PRODUCT_NAME = "$(TARGET_NAME)";
				SWIFT_EMIT_LOC_STRINGS = NO;
				SWIFT_VERSION = 5.0;
				TARGETED_DEVICE_FAMILY = "1,2";
				TEST_HOST = "$(BUILT_PRODUCTS_DIR)/SwiftMacrosTest.app/$(BUNDLE_EXECUTABLE_FOLDER_PATH)/SwiftMacrosTest";
			};
			name = Debug;
		};
		A6B9E1942A2EB86D00D30F40 /* Release */ = {
			isa = XCBuildConfiguration;
			buildSettings = {
				ALWAYS_EMBED_SWIFT_STANDARD_LIBRARIES = YES;
				BUNDLE_LOADER = "$(TEST_HOST)";
				CODE_SIGN_STYLE = Automatic;
				CURRENT_PROJECT_VERSION = 1;
				DEVELOPMENT_TEAM = T43QAL25VC;
				GENERATE_INFOPLIST_FILE = YES;
				IPHONEOS_DEPLOYMENT_TARGET = 17.0;
				MARKETING_VERSION = 1.0;
				PRODUCT_BUNDLE_IDENTIFIER = ca.swiftygeorge.SwiftMacrosTestTests;
				PRODUCT_NAME = "$(TARGET_NAME)";
				SWIFT_EMIT_LOC_STRINGS = NO;
				SWIFT_VERSION = 5.0;
				TARGETED_DEVICE_FAMILY = "1,2";
				TEST_HOST = "$(BUILT_PRODUCTS_DIR)/SwiftMacrosTest.app/$(BUNDLE_EXECUTABLE_FOLDER_PATH)/SwiftMacrosTest";
			};
			name = Release;
		};
		A6B9E1962A2EB86D00D30F40 /* Debug */ = {
			isa = XCBuildConfiguration;
			buildSettings = {
				ALWAYS_EMBED_SWIFT_STANDARD_LIBRARIES = YES;
				CODE_SIGN_STYLE = Automatic;
				CURRENT_PROJECT_VERSION = 1;
				DEVELOPMENT_TEAM = T43QAL25VC;
				GENERATE_INFOPLIST_FILE = YES;
				MARKETING_VERSION = 1.0;
				PRODUCT_BUNDLE_IDENTIFIER = ca.swiftygeorge.SwiftMacrosTestUITests;
				PRODUCT_NAME = "$(TARGET_NAME)";
				SWIFT_EMIT_LOC_STRINGS = NO;
				SWIFT_VERSION = 5.0;
				TARGETED_DEVICE_FAMILY = "1,2";
				TEST_TARGET_NAME = SwiftMacrosTest;
			};
			name = Debug;
		};
		A6B9E1972A2EB86D00D30F40 /* Release */ = {
			isa = XCBuildConfiguration;
			buildSettings = {
				ALWAYS_EMBED_SWIFT_STANDARD_LIBRARIES = YES;
				CODE_SIGN_STYLE = Automatic;
				CURRENT_PROJECT_VERSION = 1;
				DEVELOPMENT_TEAM = T43QAL25VC;
				GENERATE_INFOPLIST_FILE = YES;
				MARKETING_VERSION = 1.0;
				PRODUCT_BUNDLE_IDENTIFIER = ca.swiftygeorge.SwiftMacrosTestUITests;
				PRODUCT_NAME = "$(TARGET_NAME)";
				SWIFT_EMIT_LOC_STRINGS = NO;
				SWIFT_VERSION = 5.0;
				TARGETED_DEVICE_FAMILY = "1,2";
				TEST_TARGET_NAME = SwiftMacrosTest;
			};
			name = Release;
		};
/* End XCBuildConfiguration section */

/* Begin XCConfigurationList section */
		A6B9E1602A2EB86B00D30F40 /* Build configuration list for PBXProject "SwiftMacrosTest" */ = {
			isa = XCConfigurationList;
			buildConfigurations = (
				A6B9E18D2A2EB86D00D30F40 /* Debug */,
				A6B9E18E2A2EB86D00D30F40 /* Release */,
			);
			defaultConfigurationIsVisible = 0;
			defaultConfigurationName = Release;
		};
		A6B9E18F2A2EB86D00D30F40 /* Build configuration list for PBXNativeTarget "SwiftMacrosTest" */ = {
			isa = XCConfigurationList;
			buildConfigurations = (
				A6B9E1902A2EB86D00D30F40 /* Debug */,
				A6B9E1912A2EB86D00D30F40 /* Release */,
			);
			defaultConfigurationIsVisible = 0;
			defaultConfigurationName = Release;
		};
		A6B9E1922A2EB86D00D30F40 /* Build configuration list for PBXNativeTarget "SwiftMacrosTestTests" */ = {
			isa = XCConfigurationList;
			buildConfigurations = (
				A6B9E1932A2EB86D00D30F40 /* Debug */,
				A6B9E1942A2EB86D00D30F40 /* Release */,
			);
			defaultConfigurationIsVisible = 0;
			defaultConfigurationName = Release;
		};
		A6B9E1952A2EB86D00D30F40 /* Build configuration list for PBXNativeTarget "SwiftMacrosTestUITests" */ = {
			isa = XCConfigurationList;
			buildConfigurations = (
				A6B9E1962A2EB86D00D30F40 /* Debug */,
				A6B9E1972A2EB86D00D30F40 /* Release */,
			);
			defaultConfigurationIsVisible = 0;
			defaultConfigurationName = Release;
		};
/* End XCConfigurationList section */
	};
	rootObject = A6B9E15D2A2EB86B00D30F40 /* Project object */;
}
